Microsoft Visual Studio Solution File, Format Version 12.00
# Visual Studio Version 17
VisualStudioVersion = 17.0.31903.59
MinimumVisualStudioVersion = 10.0.40219.1
Project("{FAE04EC0-301F-11D3-BF4B-00C04F79EFBC}") = "TID_CodeAnaliser.Core", "src\TID_CodeAnaliser.Core\TID_CodeAnaliser.Core.csproj", "{7A2AC94B-3621-47C2-9E6A-4EC20FA4B4C7}"
EndProject
Project("{FAE04EC0-301F-11D3-BF4B-00C04F79EFBC}") = "TID_CodeAnaliser.Cli", "src\TID_CodeAnaliser.Cli\TID_CodeAnaliser.Cli.csproj", "{A1C8EEC3-7F94-4C8D-AACD-874978D85D5C}"
EndProject
Global
	GlobalSection(SolutionConfigurationPlatforms) = preSolution
		Debug|Any CPU = Debug|Any CPU
		Release|Any CPU = Release|Any CPU
	EndGlobalSection
	GlobalSection(ProjectConfigurationPlatforms) = postSolution
		{7A2AC94B-3621-47C2-9E6A-4EC20FA4B4C7}.Debug|Any CPU.ActiveCfg = Debug|Any CPU
		{7A2AC94B-3621-47C2-9E6A-4EC20FA4B4C7}.Debug|Any CPU.Build.0 = Debug|Any CPU
		{7A2AC94B-3621-47C2-9E6A-4EC20FA4B4C7}.Release|Any CPU.ActiveCfg = Release|Any CPU
		{7A2AC94B-3621-47C2-9E6A-4EC20FA4B4C7}.Release|Any CPU.Build.0 = Release|Any CPU
		{A1C8EEC3-7F94-4C8D-AACD-874978D85D5C}.Debug|Any CPU.ActiveCfg = Debug|Any CPU
		{A1C8EEC3-7F94-4C8D-AACD-874978D85D5C}.Debug|Any CPU.Build.0 = Debug|Any CPU
		{A1C8EEC3-7F94-4C8D-AACD-874978D85D5C}.Release|Any CPU.ActiveCfg = Release|Any CPU
		{A1C8EEC3-7F94-4C8D-AACD-874978D85D5C}.Release|Any CPU.Build.0 = Release|Any CPU
	EndGlobalSection
	GlobalSection(SolutionProperties) = preSolution
		HideSolutionNode = FALSE
	EndGlobalSection
EndGlobal
